
Microsoft Visual Studio Solution File, Format Version 12.00
# Visual Studio 14
VisualStudioVersion = 14.0.25123.0
MinimumVisualStudioVersion = 10.0.40219.1
Project("{2150E333-8FDC-42A3-9474-1A3956D46DE8}") = "src", "src", "{31202ADB-2F9E-4156-809D-BFAFA3627624}"
EndProject
Project("{2150E333-8FDC-42A3-9474-1A3956D46DE8}") = "Solution Items", "Solution Items", "{0658CE7A-C6C6-40A7-B5F7-507A35B5B7C4}"
	ProjectSection(SolutionItems) = preProject
		global.json = global.json
	EndProjectSection
EndProject
Project("{8BB2217D-0F2D-49D1-97BC-3654ED321F3B}") = "TMS.Web", "src\TMS.Web\TMS.Web.xproj", "{D53AD5E8-F6D7-435B-B3AE-3AE7BA789295}"
EndProject
Project("{8BB2217D-0F2D-49D1-97BC-3654ED321F3B}") = "TMS.ModelLayer", "src\TMS.ModelLayer\TMS.ModelLayer.xproj", "{55E07C40-9491-4846-959F-F2655FBE9B7F}"
EndProject
Project("{8BB2217D-0F2D-49D1-97BC-3654ED321F3B}") = "TMS.ModelLayerInterface", "src\TMS.ModelLayerInterface\TMS.ModelLayerInterface.xproj", "{9195A9F9-628E-43CC-9103-63C74B91E1C1}"
EndProject
Project("{8BB2217D-0F2D-49D1-97BC-3654ED321F3B}") = "TMS.Layer", "src\TMS.Layer\TMS.Layer.xproj", "{7EE7E89D-D62D-4B1B-961F-0B2E1ECA0F3F}"
EndProject
Project("{8BB2217D-0F2D-49D1-97BC-3654ED321F3B}") = "TMS.Database", "src\TMS.Database\TMS.Database.xproj", "{5BB33D79-9FDE-4A81-B62A-1B31A81BC175}"
EndProject
Project("{00D1A9C2-B5F0-4AF3-8072-F6C62B433612}") = "TMS.Database.SQL", "TMS.Database.SQL\TMS.Database.SQL.sqlproj", "{9CBDB9E4-6B58-4BFA-A7D3-DEF1BA812067}"
EndProject
Project("{8BB2217D-0F2D-49D1-97BC-3654ED321F3B}") = "TMS.RepositoryLayer", "src\TMS.RepositoryLayer\TMS.RepositoryLayer.xproj", "{FE0AB699-D9B9-4D0A-A0F4-BE32152ABDD1}"
EndProject
Project("{8BB2217D-0F2D-49D1-97BC-3654ED321F3B}") = "TMS.RepositoryLayerInterface", "src\TMS.RepositoryLayerInterface\TMS.RepositoryLayerInterface.xproj", "{3DB9F4E3-E299-4182-AC09-BBADD5525FDB}"
EndProject
Project("{8BB2217D-0F2D-49D1-97BC-3654ED321F3B}") = "TMS.Web.App", "src\TMS.Web.App\TMS.Web.App.xproj", "{997B3ED4-63B0-410A-80CA-66A24D1A1FCD}"
EndProject
Project("{8BB2217D-0F2D-49D1-97BC-3654ED321F3B}") = "TMS.LayerInterface", "src\TMS.LayerInterface\TMS.LayerInterface.xproj", "{4470B23E-7D49-443E-BAB8-7D163354290B}"
EndProject
Global
	GlobalSection(SolutionConfigurationPlatforms) = preSolution
		Debug|Any CPU = Debug|Any CPU
		Release|Any CPU = Release|Any CPU
	EndGlobalSection
	GlobalSection(ProjectConfigurationPlatforms) = postSolution
		{D53AD5E8-F6D7-435B-B3AE-3AE7BA789295}.Debug|Any CPU.ActiveCfg = Debug|Any CPU
		{D53AD5E8-F6D7-435B-B3AE-3AE7BA789295}.Debug|Any CPU.Build.0 = Debug|Any CPU
		{D53AD5E8-F6D7-435B-B3AE-3AE7BA789295}.Release|Any CPU.ActiveCfg = Release|Any CPU
		{D53AD5E8-F6D7-435B-B3AE-3AE7BA789295}.Release|Any CPU.Build.0 = Release|Any CPU
		{55E07C40-9491-4846-959F-F2655FBE9B7F}.Debug|Any CPU.ActiveCfg = Debug|Any CPU
		{55E07C40-9491-4846-959F-F2655FBE9B7F}.Debug|Any CPU.Build.0 = Debug|Any CPU
		{55E07C40-9491-4846-959F-F2655FBE9B7F}.Release|Any CPU.ActiveCfg = Release|Any CPU
		{55E07C40-9491-4846-959F-F2655FBE9B7F}.Release|Any CPU.Build.0 = Release|Any CPU
		{9195A9F9-628E-43CC-9103-63C74B91E1C1}.Debug|Any CPU.ActiveCfg = Debug|Any CPU
		{9195A9F9-628E-43CC-9103-63C74B91E1C1}.Debug|Any CPU.Build.0 = Debug|Any CPU
		{9195A9F9-628E-43CC-9103-63C74B91E1C1}.Release|Any CPU.ActiveCfg = Release|Any CPU
		{9195A9F9-628E-43CC-9103-63C74B91E1C1}.Release|Any CPU.Build.0 = Release|Any CPU
		{7EE7E89D-D62D-4B1B-961F-0B2E1ECA0F3F}.Debug|Any CPU.ActiveCfg = Debug|Any CPU
		{7EE7E89D-D62D-4B1B-961F-0B2E1ECA0F3F}.Debug|Any CPU.Build.0 = Debug|Any CPU
		{7EE7E89D-D62D-4B1B-961F-0B2E1ECA0F3F}.Release|Any CPU.ActiveCfg = Release|Any CPU
		{7EE7E89D-D62D-4B1B-961F-0B2E1ECA0F3F}.Release|Any CPU.Build.0 = Release|Any CPU
		{5BB33D79-9FDE-4A81-B62A-1B31A81BC175}.Debug|Any CPU.ActiveCfg = Debug|Any CPU
		{5BB33D79-9FDE-4A81-B62A-1B31A81BC175}.Debug|Any CPU.Build.0 = Debug|Any CPU
		{5BB33D79-9FDE-4A81-B62A-1B31A81BC175}.Release|Any CPU.ActiveCfg = Release|Any CPU
		{5BB33D79-9FDE-4A81-B62A-1B31A81BC175}.Release|Any CPU.Build.0 = Release|Any CPU
		{9CBDB9E4-6B58-4BFA-A7D3-DEF1BA812067}.Debug|Any CPU.ActiveCfg = Debug|Any CPU
		{9CBDB9E4-6B58-4BFA-A7D3-DEF1BA812067}.Debug|Any CPU.Build.0 = Debug|Any CPU
		{9CBDB9E4-6B58-4BFA-A7D3-DEF1BA812067}.Debug|Any CPU.Deploy.0 = Debug|Any CPU
		{9CBDB9E4-6B58-4BFA-A7D3-DEF1BA812067}.Release|Any CPU.ActiveCfg = Release|Any CPU
		{9CBDB9E4-6B58-4BFA-A7D3-DEF1BA812067}.Release|Any CPU.Build.0 = Release|Any CPU
		{9CBDB9E4-6B58-4BFA-A7D3-DEF1BA812067}.Release|Any CPU.Deploy.0 = Release|Any CPU
		{FE0AB699-D9B9-4D0A-A0F4-BE32152ABDD1}.Debug|Any CPU.ActiveCfg = Debug|Any CPU
		{FE0AB699-D9B9-4D0A-A0F4-BE32152ABDD1}.Debug|Any CPU.Build.0 = Debug|Any CPU
		{FE0AB699-D9B9-4D0A-A0F4-BE32152ABDD1}.Release|Any CPU.ActiveCfg = Release|Any CPU
		{FE0AB699-D9B9-4D0A-A0F4-BE32152ABDD1}.Release|Any CPU.Build.0 = Release|Any CPU
		{3DB9F4E3-E299-4182-AC09-BBADD5525FDB}.Debug|Any CPU.ActiveCfg = Debug|Any CPU
		{3DB9F4E3-E299-4182-AC09-BBADD5525FDB}.Debug|Any CPU.Build.0 = Debug|Any CPU
		{3DB9F4E3-E299-4182-AC09-BBADD5525FDB}.Release|Any CPU.ActiveCfg = Release|Any CPU
		{3DB9F4E3-E299-4182-AC09-BBADD5525FDB}.Release|Any CPU.Build.0 = Release|Any CPU
		{997B3ED4-63B0-410A-80CA-66A24D1A1FCD}.Debug|Any CPU.ActiveCfg = Debug|Any CPU
		{997B3ED4-63B0-410A-80CA-66A24D1A1FCD}.Debug|Any CPU.Build.0 = Debug|Any CPU
		{997B3ED4-63B0-410A-80CA-66A24D1A1FCD}.Release|Any CPU.ActiveCfg = Release|Any CPU
		{997B3ED4-63B0-410A-80CA-66A24D1A1FCD}.Release|Any CPU.Build.0 = Release|Any CPU
		{4470B23E-7D49-443E-BAB8-7D163354290B}.Debug|Any CPU.ActiveCfg = Debug|Any CPU
		{4470B23E-7D49-443E-BAB8-7D163354290B}.Debug|Any CPU.Build.0 = Debug|Any CPU
		{4470B23E-7D49-443E-BAB8-7D163354290B}.Release|Any CPU.ActiveCfg = Release|Any CPU
		{4470B23E-7D49-443E-BAB8-7D163354290B}.Release|Any CPU.Build.0 = Release|Any CPU
	EndGlobalSection
	GlobalSection(SolutionProperties) = preSolution
		HideSolutionNode = FALSE
	EndGlobalSection
	GlobalSection(NestedProjects) = preSolution
		{D53AD5E8-F6D7-435B-B3AE-3AE7BA789295} = {31202ADB-2F9E-4156-809D-BFAFA3627624}
		{55E07C40-9491-4846-959F-F2655FBE9B7F} = {31202ADB-2F9E-4156-809D-BFAFA3627624}
		{9195A9F9-628E-43CC-9103-63C74B91E1C1} = {31202ADB-2F9E-4156-809D-BFAFA3627624}
		{7EE7E89D-D62D-4B1B-961F-0B2E1ECA0F3F} = {31202ADB-2F9E-4156-809D-BFAFA3627624}
		{5BB33D79-9FDE-4A81-B62A-1B31A81BC175} = {31202ADB-2F9E-4156-809D-BFAFA3627624}
		{9CBDB9E4-6B58-4BFA-A7D3-DEF1BA812067} = {31202ADB-2F9E-4156-809D-BFAFA3627624}
		{FE0AB699-D9B9-4D0A-A0F4-BE32152ABDD1} = {31202ADB-2F9E-4156-809D-BFAFA3627624}
		{3DB9F4E3-E299-4182-AC09-BBADD5525FDB} = {31202ADB-2F9E-4156-809D-BFAFA3627624}
		{997B3ED4-63B0-410A-80CA-66A24D1A1FCD} = {31202ADB-2F9E-4156-809D-BFAFA3627624}
		{4470B23E-7D49-443E-BAB8-7D163354290B} = {31202ADB-2F9E-4156-809D-BFAFA3627624}
	EndGlobalSection
EndGlobal
